
Microsoft Visual Studio Solution File, Format Version 12.00
# Visual Studio Version 16
VisualStudioVersion = 16.0.33027.164
MinimumVisualStudioVersion = 10.0.40219.1
Project("{D2ABAB84-BF74-430A-B69E-9DC6D40DDA17}") = "Pregunta06", "Pregunta06\Pregunta06.dwproj", "{0B32BCDB-571C-4D17-96DD-DF1F87532F7A}"
EndProject
Global
	GlobalSection(SolutionConfigurationPlatforms) = preSolution
		Development|Default = Development|Default
	EndGlobalSection
	GlobalSection(ProjectConfigurationPlatforms) = postSolution
		{0B32BCDB-571C-4D17-96DD-DF1F87532F7A}.Development|Default.ActiveCfg = Development
		{0B32BCDB-571C-4D17-96DD-DF1F87532F7A}.Development|Default.Build.0 = Development
		{0B32BCDB-571C-4D17-96DD-DF1F87532F7A}.Development|Default.Deploy.0 = Development
	EndGlobalSection
	GlobalSection(SolutionProperties) = preSolution
		HideSolutionNode = FALSE
	EndGlobalSection
	GlobalSection(ExtensibilityGlobals) = postSolution
		SolutionGuid = {26B7AD64-EACD-454D-9B02-283D26FE5E5D}
	EndGlobalSection
EndGlobal
